
Microsoft Visual Studio Solution File, Format Version 12.00
# Visual Studio Version 17
VisualStudioVersion = 17.8.34511.84
MinimumVisualStudioVersion = 10.0.40219.1
Project("{9A19103F-16F7-4668-BE54-9A1E7A4F7556}") = "TestProject5", "TestProject5\TestProject5.csproj", "{830577B9-CF16-4722-B9FF-CB2ECE498BA5}"
	ProjectSection(ProjectDependencies) = postProject
		{C6164197-E30A-49A5-A97E-10B2DF20DB95} = {C6164197-E30A-49A5-A97E-10B2DF20DB95}
	EndProjectSection
EndProject
Project("{FAE04EC0-301F-11D3-BF4B-00C04F79EFBC}") = "PageObject", "PageObject\PageObject.csproj", "{C6164197-E30A-49A5-A97E-10B2DF20DB95}"
EndProject
Global
	GlobalSection(SolutionConfigurationPlatforms) = preSolution
		Debug|Any CPU = Debug|Any CPU
		Release|Any CPU = Release|Any CPU
	EndGlobalSection
	GlobalSection(ProjectConfigurationPlatforms) = postSolution
		{830577B9-CF16-4722-B9FF-CB2ECE498BA5}.Debug|Any CPU.ActiveCfg = Debug|Any CPU
		{830577B9-CF16-4722-B9FF-CB2ECE498BA5}.Debug|Any CPU.Build.0 = Debug|Any CPU
		{830577B9-CF16-4722-B9FF-CB2ECE498BA5}.Release|Any CPU.ActiveCfg = Release|Any CPU
		{830577B9-CF16-4722-B9FF-CB2ECE498BA5}.Release|Any CPU.Build.0 = Release|Any CPU
		{C6164197-E30A-49A5-A97E-10B2DF20DB95}.Debug|Any CPU.ActiveCfg = Debug|Any CPU
		{C6164197-E30A-49A5-A97E-10B2DF20DB95}.Debug|Any CPU.Build.0 = Debug|Any CPU
		{C6164197-E30A-49A5-A97E-10B2DF20DB95}.Release|Any CPU.ActiveCfg = Release|Any CPU
		{C6164197-E30A-49A5-A97E-10B2DF20DB95}.Release|Any CPU.Build.0 = Release|Any CPU
	EndGlobalSection
	GlobalSection(SolutionProperties) = preSolution
		HideSolutionNode = FALSE
	EndGlobalSection
	GlobalSection(ExtensibilityGlobals) = postSolution
		SolutionGuid = {AE2AB1D2-439F-44FB-8B5C-76726A16B470}
	EndGlobalSection
EndGlobal
